{
  "name": "meshtastic-victron",
  "version": "1.0.0",
  "lockfileVersion": 3,
  "requires": true,
  "packages": {
    "": {
      "name": "meshtastic-victron",
      "version": "1.0.0",
      "license": "ISC",
      "dependencies": {
        "@meshtastic/core": "^2.6.7",
        "@meshtastic/protobufs": "^2.7.8",
        "@meshtastic/transport-http": "^0.2.5",
        "@meshtastic/transport-node": "^0.0.2"
      }
    },
    "node_modules/@bufbuild/protobuf": {
      "version": "2.11.0",
      "resolved": "https://registry.npmjs.org/@bufbuild/protobuf/-/protobuf-2.11.0.tgz",
      "integrity": "sha512-sBXGT13cpmPR5BMgHE6UEEfEaShh5Ror6rfN3yEK5si7QVrtZg8LEPQb0VVhiLRUslD2yLnXtnRzG035J/mZXQ==",
      "license": "(Apache-2.0 AND BSD-3-Clause)"
    },
    "node_modules/@meshtastic/core": {
      "version": "2.6.7",
      "resolved": "https://registry.npmjs.org/@meshtastic/core/-/core-2.6.7.tgz",
      "integrity": "sha512-0iP/gfzhqVWBzTpJNn2dHp2BiUSQq5xPUDCtssBqI9Y/X64sQ2cPDCKoyGsFPn8VXrJG3B/lQd/yPhg0GytATA==",
      "hasInstallScript": true,
      "license": "GPL-3.0-only",
      "dependencies": {
        "crc": "npm:crc@^4.3.2"
      }
    },
    "node_modules/@meshtastic/protobufs": {
      "version": "2.7.8",
      "resolved": "https://registry.npmjs.org/@meshtastic/protobufs/-/protobufs-2.7.8.tgz",
      "integrity": "sha512-Itn6sNVDvmSA6jsbqZWDScGbXkUUF3+bfJWKbdx5aA3+1tJiXas7I6aeC/aJPa1HelxLvBT3KO63jSgS1Pk83w==",
      "license": "GPLV3",
      "dependencies": {
        "@bufbuild/protobuf": "^2.2.3"
      }
    },
    "node_modules/@meshtastic/transport-http": {
      "version": "0.2.5",
      "resolved": "https://registry.npmjs.org/@meshtastic/transport-http/-/transport-http-0.2.5.tgz",
      "integrity": "sha512-iYB6e8fqO0sFQBoiw46tGO0cGql4SsVkEreaOl4GXtuH/2rQB2d0gfJtHYNH8JpZhCjulKJPq5ISfFXe959MTA==",
      "hasInstallScript": true,
      "license": "GPL-3.0-only",
      "dependencies": {
        "@meshtastic/core": "2.6.7"
      }
    },
    "node_modules/@meshtastic/transport-node": {
      "version": "0.0.2",
      "resolved": "https://registry.npmjs.org/@meshtastic/transport-node/-/transport-node-0.0.2.tgz",
      "integrity": "sha512-EO3fXPmAyfAW5Tv6IhG+zG6CZXIbnAm8C3vIpD0olcB5Dk6vIObcSo50gAJdUGcmeenQms8ogaxGmDXpL5f4UA==",
      "hasInstallScript": true,
      "license": "GPL-3.0-only",
      "dependencies": {
        "@meshtastic/core": "2.6.7"
      }
    },
    "node_modules/crc": {
      "version": "4.3.2",
      "resolved": "https://registry.npmjs.org/crc/-/crc-4.3.2.tgz",
      "integrity": "sha512-uGDHf4KLLh2zsHa8D8hIQ1H/HtFQhyHrc0uhHBcoKGol/Xnb+MPYfUMw7cvON6ze/GUESTudKayDcJC5HnJv1A==",
      "license": "MIT",
      "engines": {
        "node": ">=12"
      },
      "peerDependencies": {
        "buffer": ">=6.0.3"
      },
      "peerDependenciesMeta": {
        "buffer": {
          "optional": true
        }
      }
    }
  }
}
